
Microsoft Visual Studio Solution File, Format Version 12.00
# Visual Studio Version 17
VisualStudioVersion = 17.10.35201.131
MinimumVisualStudioVersion = 10.0.40219.1
Project("{FAE04EC0-301F-11D3-BF4B-00C04F79EFBC}") = "dts_cashier", "dts_cashier\dts_cashier.csproj", "{217F8643-5ED7-4352-ADD8-190EAF39A1A1}"
EndProject
Project("{FAE04EC0-301F-11D3-BF4B-00C04F79EFBC}") = "dts_template_resource", "dts_template_resource\dts_template_resource.csproj", "{4F3DAD9B-E293-47E4-A190-DF3F7A92FDBA}"
EndProject
Project("{FAE04EC0-301F-11D3-BF4B-00C04F79EFBC}") = "dts_database.dataaccess", "dts_database.dataaccess\dts_database.dataaccess.csproj", "{B5C9E1F7-7DBA-4F4F-83FC-C9D57D57C862}"
EndProject
Project("{FAE04EC0-301F-11D3-BF4B-00C04F79EFBC}") = "dts_agent", "dts_agent\dts_agent.csproj", "{E4197724-793B-459B-9C87-2C7B3DF704D1}"
EndProject
Project("{FAE04EC0-301F-11D3-BF4B-00C04F79EFBC}") = "dts_logger", "dts_logger\dts_logger.csproj", "{07B1AF2C-777F-4F1A-B27C-46561BCA3DFA}"
EndProject
Project("{FAE04EC0-301F-11D3-BF4B-00C04F79EFBC}") = "dts_cryptography", "dts_cryptography\dts_cryptography.csproj", "{D39370E5-C693-4E8D-9702-4E1C38B0952C}"
EndProject
Project("{FAE04EC0-301F-11D3-BF4B-00C04F79EFBC}") = "new_dts_lite_client_resources", "new_dts_lite_client_resources\new_dts_lite_client_resources.csproj", "{1D97FB5E-F9BF-4918-AE74-BE000D5DA96B}"
EndProject
Project("{FAE04EC0-301F-11D3-BF4B-00C04F79EFBC}") = "dts_shared", "dts_shared\dts_shared.csproj", "{1396867B-C6D3-43FA-AD39-753891EAEBE1}"
EndProject
Global
	GlobalSection(SolutionConfigurationPlatforms) = preSolution
		Debug|Any CPU = Debug|Any CPU
		Release|Any CPU = Release|Any CPU
	EndGlobalSection
	GlobalSection(ProjectConfigurationPlatforms) = postSolution
		{217F8643-5ED7-4352-ADD8-190EAF39A1A1}.Debug|Any CPU.ActiveCfg = Debug|Any CPU
		{217F8643-5ED7-4352-ADD8-190EAF39A1A1}.Debug|Any CPU.Build.0 = Debug|Any CPU
		{217F8643-5ED7-4352-ADD8-190EAF39A1A1}.Release|Any CPU.ActiveCfg = Release|Any CPU
		{217F8643-5ED7-4352-ADD8-190EAF39A1A1}.Release|Any CPU.Build.0 = Release|Any CPU
		{4F3DAD9B-E293-47E4-A190-DF3F7A92FDBA}.Debug|Any CPU.ActiveCfg = Debug|Any CPU
		{4F3DAD9B-E293-47E4-A190-DF3F7A92FDBA}.Debug|Any CPU.Build.0 = Debug|Any CPU
		{4F3DAD9B-E293-47E4-A190-DF3F7A92FDBA}.Release|Any CPU.ActiveCfg = Release|Any CPU
		{4F3DAD9B-E293-47E4-A190-DF3F7A92FDBA}.Release|Any CPU.Build.0 = Release|Any CPU
		{B5C9E1F7-7DBA-4F4F-83FC-C9D57D57C862}.Debug|Any CPU.ActiveCfg = Debug|Any CPU
		{B5C9E1F7-7DBA-4F4F-83FC-C9D57D57C862}.Debug|Any CPU.Build.0 = Debug|Any CPU
		{B5C9E1F7-7DBA-4F4F-83FC-C9D57D57C862}.Release|Any CPU.ActiveCfg = Release|Any CPU
		{B5C9E1F7-7DBA-4F4F-83FC-C9D57D57C862}.Release|Any CPU.Build.0 = Release|Any CPU
		{E4197724-793B-459B-9C87-2C7B3DF704D1}.Debug|Any CPU.ActiveCfg = Debug|Any CPU
		{E4197724-793B-459B-9C87-2C7B3DF704D1}.Debug|Any CPU.Build.0 = Debug|Any CPU
		{E4197724-793B-459B-9C87-2C7B3DF704D1}.Release|Any CPU.ActiveCfg = Release|Any CPU
		{E4197724-793B-459B-9C87-2C7B3DF704D1}.Release|Any CPU.Build.0 = Release|Any CPU
		{07B1AF2C-777F-4F1A-B27C-46561BCA3DFA}.Debug|Any CPU.ActiveCfg = Debug|Any CPU
		{07B1AF2C-777F-4F1A-B27C-46561BCA3DFA}.Debug|Any CPU.Build.0 = Debug|Any CPU
		{07B1AF2C-777F-4F1A-B27C-46561BCA3DFA}.Release|Any CPU.ActiveCfg = Release|Any CPU
		{07B1AF2C-777F-4F1A-B27C-46561BCA3DFA}.Release|Any CPU.Build.0 = Release|Any CPU
		{D39370E5-C693-4E8D-9702-4E1C38B0952C}.Debug|Any CPU.ActiveCfg = Debug|Any CPU
		{D39370E5-C693-4E8D-9702-4E1C38B0952C}.Debug|Any CPU.Build.0 = Debug|Any CPU
		{D39370E5-C693-4E8D-9702-4E1C38B0952C}.Release|Any CPU.ActiveCfg = Release|Any CPU
		{D39370E5-C693-4E8D-9702-4E1C38B0952C}.Release|Any CPU.Build.0 = Release|Any CPU
		{1D97FB5E-F9BF-4918-AE74-BE000D5DA96B}.Debug|Any CPU.ActiveCfg = Debug|Any CPU
		{1D97FB5E-F9BF-4918-AE74-BE000D5DA96B}.Debug|Any CPU.Build.0 = Debug|Any CPU
		{1D97FB5E-F9BF-4918-AE74-BE000D5DA96B}.Release|Any CPU.ActiveCfg = Release|Any CPU
		{1D97FB5E-F9BF-4918-AE74-BE000D5DA96B}.Release|Any CPU.Build.0 = Release|Any CPU
		{1396867B-C6D3-43FA-AD39-753891EAEBE1}.Debug|Any CPU.ActiveCfg = Debug|Any CPU
		{1396867B-C6D3-43FA-AD39-753891EAEBE1}.Debug|Any CPU.Build.0 = Debug|Any CPU
		{1396867B-C6D3-43FA-AD39-753891EAEBE1}.Release|Any CPU.ActiveCfg = Release|Any CPU
		{1396867B-C6D3-43FA-AD39-753891EAEBE1}.Release|Any CPU.Build.0 = Release|Any CPU
	EndGlobalSection
	GlobalSection(SolutionProperties) = preSolution
		HideSolutionNode = FALSE
	EndGlobalSection
	GlobalSection(ExtensibilityGlobals) = postSolution
		SolutionGuid = {5DFE8207-3550-4F19-8A67-8F7B3F8B8913}
	EndGlobalSection
EndGlobal
